{
  "nodes": {
    "nixpkgs": {
      "locked": {
        "lastModified": 1754173891,
        "narHash": "sha256-MJlYYHFSs/n7qsBcEaDg1sgrs5fX4YnbY1TrnFGQgYI=",
        "owner": "NixOS",
        "repo": "nixpkgs",
        "rev": "42c1366a75ce5321f20549f51c0fcecc4f854edf",
        "type": "github"
      },
      "original": {
        "owner": "NixOS",
        "repo": "nixpkgs",
        "type": "github"
      }
    },
    "root": {
      "inputs": {
        "nixpkgs": "nixpkgs",
        "rust-overlay": "rust-overlay"
      }
    },
    "rust-overlay": {
      "inputs": {
        "nixpkgs": [
          "nixpkgs"
        ]
      },
      "locked": {
        "lastModified": 1754102567,
        "narHash": "sha256-d6nZ+1e4VDqW6VAwfx9EAUDJdPxSwqwGiuli32FEgoE=",
        "owner": "oxalica",
        "repo": "rust-overlay",
        "rev": "08ff39bf869cadca3102b39824f4c7025186b7dc",
        "type": "github"
      },
      "original": {
        "owner": "oxalica",
        "repo": "rust-overlay",
        "type": "github"
      }
    }
  },
  "root": "root",
  "version": 7
}
